// !$*UTF8*$!
{
	archiveVersion = 1;
	classes = {
	};
	objectVersion = 46;
	objects = {

/* Begin PBXBuildFile section */
		CC89FE5B1D7D571D0019E4FA /* ColorWheel.m in Sources */ = {isa = PBXBuildFile; fileRef = CC89FE5A1D7D571D0019E4FA /* ColorWheel.m */; };
		CCA8B0D41D7CA75600CBAE0E /* main.m in Sources */ = {isa = PBXBuildFile; fileRef = CCA8B0D31D7CA75600CBAE0E /* main.m */; };
		CCA8B0D71D7CA75600CBAE0E /* AppDelegate.m in Sources */ = {isa = PBXBuildFile; fileRef = CCA8B0D61D7CA75600CBAE0E /* AppDelegate.m */; };
		CCA8B0DA1D7CA75600CBAE0E /* ViewController.m in Sources */ = {isa = PBXBuildFile; fileRef = CCA8B0D91D7CA75600CBAE0E /* ViewController.m */; };
		CCA8B0DD1D7CA75600CBAE0E /* Main.storyboard in Resources */ = {isa = PBXBuildFile; fileRef = CCA8B0DB1D7CA75600CBAE0E /* Main.storyboard */; };
		CCA8B0DF1D7CA75600CBAE0E /* Assets.xcassets in Resources */ = {isa = PBXBuildFile; fileRef = CCA8B0DE1D7CA75600CBAE0E /* Assets.xcassets */; };
		CCA8B0E21D7CA75700CBAE0E /* LaunchScreen.storyboard in Resources */ = {isa = PBXBuildFile; fileRef = CCA8B0E01D7CA75700CBAE0E /* LaunchScreen.storyboard */; };
		CCA8B0EB1D7CB25400CBAE0E /* FactBook.m in Sources */ = {isa = PBXBuildFile; fileRef = CCA8B0EA1D7CB25400CBAE0E /* FactBook.m */; };
/* End PBXBuildFile section */

/* Begin PBXFileReference section */
		CC89FE591D7D571D0019E4FA /* ColorWheel.h */ = {isa = PBXFileReference; fileEncoding = 4; lastKnownFileType = sourcecode.c.h; path = ColorWheel.h; sourceTree = "<group>"; };
		CC89FE5A1D7D571D0019E4FA /* ColorWheel.m */ = {isa = PBXFileReference; fileEncoding = 4; lastKnownFileType = sourcecode.c.objc; path = ColorWheel.m; sourceTree = "<group>"; };
		CCA8B0CF1D7CA75600CBAE0E /* Fun Facts.app */ = {isa = PBXFileReference; explicitFileType = wrapper.application; includeInIndex = 0; path = "Fun Facts.app"; sourceTree = BUILT_PRODUCTS_DIR; };
		CCA8B0D31D7CA75600CBAE0E /* main.m */ = {isa = PBXFileReference; lastKnownFileType = sourcecode.c.objc; path = main.m; sourceTree = "<group>"; };
		CCA8B0D51D7CA75600CBAE0E /* AppDelegate.h */ = {isa = PBXFileReference; lastKnownFileType = sourcecode.c.h; path = AppDelegate.h; sourceTree = "<group>"; };
		CCA8B0D61D7CA75600CBAE0E /* AppDelegate.m */ = {isa = PBXFileReference; lastKnownFileType = sourcecode.c.objc; path = AppDelegate.m; sourceTree = "<group>"; };
		CCA8B0D81D7CA75600CBAE0E /* ViewController.h */ = {isa = PBXFileReference; lastKnownFileType = sourcecode.c.h; path = ViewController.h; sourceTree = "<group>"; };
		CCA8B0D91D7CA75600CBAE0E /* ViewController.m */ = {isa = PBXFileReference; lastKnownFileType = sourcecode.c.objc; path = ViewController.m; sourceTree = "<group>"; };
		CCA8B0DC1D7CA75600CBAE0E /* Base */ = {isa = PBXFileReference; lastKnownFileType = file.storyboard; name = Base; path = Base.lproj/Main.storyboard; sourceTree = "<group>"; };
		CCA8B0DE1D7CA75600CBAE0E /* Assets.xcassets */ = {isa = PBXFileReference; lastKnownFileType = folder.assetcatalog; path = Assets.xcassets; sourceTree = "<group>"; };
		CCA8B0E11D7CA75700CBAE0E /* Base */ = {isa = PBXFileReference; lastKnownFileType = file.storyboard; name = Base; path = Base.lproj/LaunchScreen.storyboard; sourceTree = "<group>"; };
		CCA8B0E31D7CA75700CBAE0E /* Info.plist */ = {isa = PBXFileReference; lastKnownFileType = text.plist.xml; path = Info.plist; sourceTree = "<group>"; };
		CCA8B0E91D7CB25400CBAE0E /* FactBook.h */ = {isa = PBXFileReference; fileEncoding = 4; lastKnownFileType = sourcecode.c.h; path = FactBook.h; sourceTree = "<group>"; };
		CCA8B0EA1D7CB25400CBAE0E /* FactBook.m */ = {isa = PBXFileReference; fileEncoding = 4; lastKnownFileType = sourcecode.c.objc; path = FactBook.m; sourceTree = "<group>"; };
/* End PBXFileReference section */

/* Begin PBXFrameworksBuildPhase section */
		CCA8B0CC1D7CA75600CBAE0E /* Frameworks */ = {
			isa = PBXFrameworksBuildPhase;
			buildActionMask = 2147483647;
			files = (
			);
			runOnlyForDeploymentPostprocessing = 0;
		};
/* End PBXFrameworksBuildPhase section */

/* Begin PBXGroup section */
		CCA8B0C61D7CA75600CBAE0E = {
			isa = PBXGroup;
			children = (
				CCA8B0D11D7CA75600CBAE0E /* Fun Facts */,
				CCA8B0D01D7CA75600CBAE0E /* Products */,
			);
			sourceTree = "<group>";
		};
		CCA8B0D01D7CA75600CBAE0E /* Products */ = {
			isa = PBXGroup;
			children = (
				CCA8B0CF1D7CA75600CBAE0E /* Fun Facts.app */,
			);
			name = Products;
			sourceTree = "<group>";
		};
		CCA8B0D11D7CA75600CBAE0E /* Fun Facts */ = {
			isa = PBXGroup;
			children = (
				CCA8B0D51D7CA75600CBAE0E /* AppDelegate.h */,
				CCA8B0D61D7CA75600CBAE0E /* AppDelegate.m */,
				CCA8B0D81D7CA75600CBAE0E /* ViewController.h */,
				CCA8B0D91D7CA75600CBAE0E /* ViewController.m */,
				CCA8B0DB1D7CA75600CBAE0E /* Main.storyboard */,
				CCA8B0DE1D7CA75600CBAE0E /* Assets.xcassets */,
				CCA8B0E01D7CA75700CBAE0E /* LaunchScreen.storyboard */,
				CCA8B0E31D7CA75700CBAE0E /* Info.plist */,
				CCA8B0D21D7CA75600CBAE0E /* Supporting Files */,
				CCA8B0E91D7CB25400CBAE0E /* FactBook.h */,
				CCA8B0EA1D7CB25400CBAE0E /* FactBook.m */,
				CC89FE591D7D571D0019E4FA /* ColorWheel.h */,
				CC89FE5A1D7D571D0019E4FA /* ColorWheel.m */,
			);
			path = "Fun Facts";
			sourceTree = "<group>";
		};
		CCA8B0D21D7CA75600CBAE0E /* Supporting Files */ = {
			isa = PBXGroup;
			children = (
				CCA8B0D31D7CA75600CBAE0E /* main.m */,
			);
			name = "Supporting Files";
			sourceTree = "<group>";
		};
/* End PBXGroup section */

/* Begin PBXNativeTarget section */
		CCA8B0CE1D7CA75600CBAE0E /* Fun Facts */ = {
			isa = PBXNativeTarget;
			buildConfigurationList = CCA8B0E61D7CA75700CBAE0E /* Build configuration list for PBXNativeTarget "Fun Facts" */;
			buildPhases = (
				CCA8B0CB1D7CA75600CBAE0E /* Sources */,
				CCA8B0CC1D7CA75600CBAE0E /* Frameworks */,
				CCA8B0CD1D7CA75600CBAE0E /* Resources */,
			);
			buildRules = (
			);
			dependencies = (
			);
			name = "Fun Facts";
			productName = "Fun Facts";
			productReference = CCA8B0CF1D7CA75600CBAE0E /* Fun Facts.app */;
			productType = "com.apple.product-type.application";
		};
/* End PBXNativeTarget section */

/* Begin PBXProject section */
		CCA8B0C71D7CA75600CBAE0E /* Project object */ = {
			isa = PBXProject;
			attributes = {
				LastUpgradeCheck = 0730;
				ORGANIZATIONNAME = "Andras Kesik";
				TargetAttributes = {
					CCA8B0CE1D7CA75600CBAE0E = {
						CreatedOnToolsVersion = 7.3.1;
					};
				};
			};
			buildConfigurationList = CCA8B0CA1D7CA75600CBAE0E /* Build configuration list for PBXProject "Fun Facts" */;
			compatibilityVersion = "Xcode 3.2";
			developmentRegion = English;
			hasScannedForEncodings = 0;
			knownRegions = (
				en,
				Base,
			);
			mainGroup = CCA8B0C61D7CA75600CBAE0E;
			productRefGroup = CCA8B0D01D7CA75600CBAE0E /* Products */;
			projectDirPath = "";
			projectRoot = "";
			targets = (
				CCA8B0CE1D7CA75600CBAE0E /* Fun Facts */,
			);
		};
/* End PBXProject section */

/* Begin PBXResourcesBuildPhase section */
		CCA8B0CD1D7CA75600CBAE0E /* Resources */ = {
			isa = PBXResourcesBuildPhase;
			buildActionMask = 2147483647;
			files = (
				CCA8B0E21D7CA75700CBAE0E /* LaunchScreen.storyboard in Resources */,
				CCA8B0DF1D7CA75600CBAE0E /* Assets.xcassets in Resources */,
				CCA8B0DD1D7CA75600CBAE0E /* Main.storyboard in Resources */,
			);
			runOnlyForDeploymentPostprocessing = 0;
		};
/* End PBXResourcesBuildPhase section */

/* Begin PBXSourcesBuildPhase section */
		CCA8B0CB1D7CA75600CBAE0E /* Sources */ = {
			isa = PBXSourcesBuildPhase;
			buildActionMask = 2147483647;
			files = (
				CCA8B0DA1D7CA75600CBAE0E /* ViewController.m in Sources */,
				CCA8B0D71D7CA75600CBAE0E /* AppDelegate.m in Sources */,
				CCA8B0EB1D7CB25400CBAE0E /* FactBook.m in Sources */,
				CCA8B0D41D7CA75600CBAE0E /* main.m in Sources */,
				CC89FE5B1D7D571D0019E4FA /* ColorWheel.m in Sources */,
			);
			runOnlyForDeploymentPostprocessing = 0;
		};
/* End PBXSourcesBuildPhase section */

/* Begin PBXVariantGroup section */
		CCA8B0DB1D7CA75600CBAE0E /* Main.storyboard */ = {
			isa = PBXVariantGroup;
			children = (
				CCA8B0DC1D7CA75600CBAE0E /* Base */,
			);
			name = Main.storyboard;
			sourceTree = "<group>";
		};
		CCA8B0E01D7CA75700CBAE0E /* LaunchScreen.storyboard */ = {
			isa = PBXVariantGroup;
			children = (
				CCA8B0E11D7CA75700CBAE0E /* Base */,
			);
			name = LaunchScreen.storyboard;
			sourceTree = "<group>";
		};
/* End PBXVariantGroup section */

/* Begin XCBuildConfiguration section */
		CCA8B0E41D7CA75700CBAE0E /* Debug */ = {
			isa = XCBuildConfiguration;
			buildSettings = {
				ALWAYS_SEARCH_USER_PATHS = NO;
				CLANG_ANALYZER_NONNULL = YES;
				CLANG_CXX_LANGUAGE_STANDARD = "gnu++0x";
				CLANG_CXX_LIBRARY = "libc++";
				CLANG_ENABLE_MODULES = YES;
				CLANG_ENABLE_OBJC_ARC = YES;
				CLANG_WARN_BOOL_CONVERSION = YES;
				CLANG_WARN_CONSTANT_CONVERSION = YES;
				CLANG_WARN_DIRECT_OBJC_ISA_USAGE = YES_ERROR;
				CLANG_WARN_EMPTY_BODY = YES;
				CLANG_WARN_ENUM_CONVERSION = YES;
				CLANG_WARN_INT_CONVERSION = YES;
				CLANG_WARN_OBJC_ROOT_CLASS = YES_ERROR;
				CLANG_WARN_UNREACHABLE_CODE = YES;
				CLANG_WARN__DUPLICATE_METHOD_MATCH = YES;
				"CODE_SIGN_IDENTITY[sdk=iphoneos*]" = "iPhone Developer";
				COPY_PHASE_STRIP = NO;
				DEBUG_INFORMATION_FORMAT = dwarf;
				ENABLE_STRICT_OBJC_MSGSEND = YES;
				ENABLE_TESTABILITY = YES;
				GCC_C_LANGUAGE_STANDARD = gnu99;
				GCC_DYNAMIC_NO_PIC = NO;
				GCC_NO_COMMON_BLOCKS = YES;
				GCC_OPTIMIZATION_LEVEL = 0;
				GCC_PREPROCESSOR_DEFINITIONS = (
					"DEBUG=1",
					"$(inherited)",
				);
				GCC_WARN_64_TO_32_BIT_CONVERSION = YES;
				GCC_WARN_ABOUT_RETURN_TYPE = YES_ERROR;
				GCC_WARN_UNDECLARED_SELECTOR = YES;
				GCC_WARN_UNINITIALIZED_AUTOS = YES_AGGRESSIVE;
				GCC_WARN_UNUSED_FUNCTION = YES;
				GCC_WARN_UNUSED_VARIABLE = YES;
				IPHONEOS_DEPLOYMENT_TARGET = 9.3;
				MTL_ENABLE_DEBUG_INFO = YES;
				ONLY_ACTIVE_ARCH = YES;
				SDKROOT = iphoneos;
			};
			name = Debug;
		};
		CCA8B0E51D7CA75700CBAE0E /* Release */ = {
			isa = XCBuildConfiguration;
			buildSettings = {
				ALWAYS_SEARCH_USER_PATHS = NO;
				CLANG_ANALYZER_NONNULL = YES;
				CLANG_CXX_LANGUAGE_STANDARD = "gnu++0x";
				CLANG_CXX_LIBRARY = "libc++";
				CLANG_ENABLE_MODULES = YES;
				CLANG_ENABLE_OBJC_ARC = YES;
				CLANG_WARN_BOOL_CONVERSION = YES;
				CLANG_WARN_CONSTANT_CONVERSION = YES;
				CLANG_WARN_DIRECT_OBJC_ISA_USAGE = YES_ERROR;
				CLANG_WARN_EMPTY_BODY = YES;
				CLANG_WARN_ENUM_CONVERSION = YES;
				CLANG_WARN_INT_CONVERSION = YES;
				CLANG_WARN_OBJC_ROOT_CLASS = YES_ERROR;
				CLANG_WARN_UNREACHABLE_CODE = YES;
				CLANG_WARN__DUPLICATE_METHOD_MATCH = YES;
				"CODE_SIGN_IDENTITY[sdk=iphoneos*]" = "iPhone Developer";
				COPY_PHASE_STRIP = NO;
				DEBUG_INFORMATION_FORMAT = "dwarf-with-dsym";
				ENABLE_NS_ASSERTIONS = NO;
				ENABLE_STRICT_OBJC_MSGSEND = YES;
				GCC_C_LANGUAGE_STANDARD = gnu99;
				GCC_NO_COMMON_BLOCKS = YES;
				GCC_WARN_64_TO_32_BIT_CONVERSION = YES;
				GCC_WARN_ABOUT_RETURN_TYPE = YES_ERROR;
				GCC_WARN_UNDECLARED_SELECTOR = YES;
				GCC_WARN_UNINITIALIZED_AUTOS = YES_AGGRESSIVE;
				GCC_WARN_UNUSED_FUNCTION = YES;
				GCC_WARN_UNUSED_VARIABLE = YES;
				IPHONEOS_DEPLOYMENT_TARGET = 9.3;
				MTL_ENABLE_DEBUG_INFO = NO;
				SDKROOT = iphoneos;
				VALIDATE_PRODUCT = YES;
			};
			name = Release;
		};
		CCA8B0E71D7CA75700CBAE0E /* Debug */ = {
			isa = XCBuildConfiguration;
			buildSettings = {
				ASSETCATALOG_COMPILER_APPICON_NAME = AppIcon;
				INFOPLIST_FILE = "Fun Facts/Info.plist";
				LD_RUNPATH_SEARCH_PATHS = "$(inherited) @executable_path/Frameworks";
				PRODUCT_BUNDLE_IDENTIFIER = "com.andraskesik.Fun-Facts";
				PRODUCT_NAME = "$(TARGET_NAME)";
			};
			name = Debug;
		};
		CCA8B0E81D7CA75700CBAE0E /* Release */ = {
			isa = XCBuildConfiguration;
			buildSettings = {
				ASSETCATALOG_COMPILER_APPICON_NAME = AppIcon;
				INFOPLIST_FILE = "Fun Facts/Info.plist";
				LD_RUNPATH_SEARCH_PATHS = "$(inherited) @executable_path/Frameworks";
				PRODUCT_BUNDLE_IDENTIFIER = "com.andraskesik.Fun-Facts";
				PRODUCT_NAME = "$(TARGET_NAME)";
			};
			name = Release;
		};
/* End XCBuildConfiguration section */

/* Begin XCConfigurationList section */
		CCA8B0CA1D7CA75600CBAE0E /* Build configuration list for PBXProject "Fun Facts" */ = {
			isa = XCConfigurationList;
			buildConfigurations = (
				CCA8B0E41D7CA75700CBAE0E /* Debug */,
				CCA8B0E51D7CA75700CBAE0E /* Release */,
			);
			defaultConfigurationIsVisible = 0;
			defaultConfigurationName = Release;
		};
		CCA8B0E61D7CA75700CBAE0E /* Build configuration list for PBXNativeTarget "Fun Facts" */ = {
			isa = XCConfigurationList;
			buildConfigurations = (
				CCA8B0E71D7CA75700CBAE0E /* Debug */,
				CCA8B0E81D7CA75700CBAE0E /* Release */,
			);
			defaultConfigurationIsVisible = 0;
			defaultConfigurationName = Release;
		};
/* End XCConfigurationList section */
	};
	rootObject = CCA8B0C71D7CA75600CBAE0E /* Project object */;
}
